
Microsoft Visual Studio Solution File, Format Version 12.00
# Visual Studio Version 16
VisualStudioVersion = 25.0.1706.6
MinimumVisualStudioVersion = 10.0.40219.1
Project("{FAE04EC0-301F-11D3-BF4B-00C04F79EFBC}") = "Life_Liberator", "Life_Liberator.csproj", "{E1C5EC1D-17F0-4AFA-ADC9-062FEE87B9D0}"
EndProject
Project("{FAE04EC0-301F-11D3-BF4B-00C04F79EFBC}") = "UserAPI", "UserAPI\UserAPI.csproj", "{9A09358F-CBE3-40C9-9CBA-8F78F30E0182}"
EndProject
Global
	GlobalSection(SolutionConfigurationPlatforms) = preSolution
		Debug|Any CPU = Debug|Any CPU
		Release|Any CPU = Release|Any CPU
	EndGlobalSection
	GlobalSection(ProjectConfigurationPlatforms) = postSolution
		{E1C5EC1D-17F0-4AFA-ADC9-062FEE87B9D0}.Debug|Any CPU.ActiveCfg = Debug|Any CPU
		{E1C5EC1D-17F0-4AFA-ADC9-062FEE87B9D0}.Debug|Any CPU.Build.0 = Debug|Any CPU
		{E1C5EC1D-17F0-4AFA-ADC9-062FEE87B9D0}.Release|Any CPU.ActiveCfg = Release|Any CPU
		{E1C5EC1D-17F0-4AFA-ADC9-062FEE87B9D0}.Release|Any CPU.Build.0 = Release|Any CPU
		{9A09358F-CBE3-40C9-9CBA-8F78F30E0182}.Debug|Any CPU.ActiveCfg = Debug|Any CPU
		{9A09358F-CBE3-40C9-9CBA-8F78F30E0182}.Debug|Any CPU.Build.0 = Debug|Any CPU
		{9A09358F-CBE3-40C9-9CBA-8F78F30E0182}.Release|Any CPU.ActiveCfg = Release|Any CPU
		{9A09358F-CBE3-40C9-9CBA-8F78F30E0182}.Release|Any CPU.Build.0 = Release|Any CPU
	EndGlobalSection
	GlobalSection(SolutionProperties) = preSolution
		HideSolutionNode = FALSE
	EndGlobalSection
	GlobalSection(ExtensibilityGlobals) = postSolution
		SolutionGuid = {83C31B42-D240-40DD-A35A-D991110B81C9}
	EndGlobalSection
EndGlobal
